
Microsoft Visual Studio Solution File, Format Version 12.00
# Visual Studio 2012
Project("{FAE04EC0-301F-11D3-BF4B-00C04F79EFBC}") = "FirstApp4", "FirstApp4\FirstApp4.csproj", "{306A9DA4-256B-441C-BB17-EC761CBD89D1}"
EndProject
Global
	GlobalSection(SolutionConfigurationPlatforms) = preSolution
		Debug|x86 = Debug|x86
		Release|x86 = Release|x86
	EndGlobalSection
	GlobalSection(ProjectConfigurationPlatforms) = postSolution
		{306A9DA4-256B-441C-BB17-EC761CBD89D1}.Debug|x86.ActiveCfg = Debug|x86
		{306A9DA4-256B-441C-BB17-EC761CBD89D1}.Debug|x86.Build.0 = Debug|x86
		{306A9DA4-256B-441C-BB17-EC761CBD89D1}.Release|x86.ActiveCfg = Release|x86
		{306A9DA4-256B-441C-BB17-EC761CBD89D1}.Release|x86.Build.0 = Release|x86
	EndGlobalSection
EndGlobal
